{
    "version": 4,
    "terraform_version": "1.1.9",
    "serial": 14,
    "lineage": "bb87c1af-7e87-25bb-10e7-f0e6718e9f3e",
    "outputs": {},
    "resources": [
      {
        "mode": "managed",
        "type": "docker_container",
        "name": "jenkins",
        "provider": "provider[\"registry.terraform.io/kreuzwerker/docker\"]",
        "instances": [
          {
            "schema_version": 2,
            "attributes": {
              "attach": false,
              "bridge": "",
              "capabilities": [],
              "command": [],
              "container_logs": null,
              "cpu_set": "",
              "cpu_shares": 0,
              "destroy_grace_seconds": null,
              "devices": [],
              "dns": null,
              "dns_opts": null,
              "dns_search": null,
              "domainname": "",
              "entrypoint": [
                "/sbin/tini",
                "--",
                "/usr/local/bin/jenkins.sh"
              ],
              "env": [],
              "exit_code": null,
              "gateway": "172.17.0.1",
              "group_add": null,
              "healthcheck": null,
              "host": [],
              "hostname": "3b7c0c409da3",
              "id": "3b7c0c409da36f1f3570c6d4fd08c2bf9607e04f85fcd3f296c14020a2da7203",
              "image": "sha256:fd576e09d1557d660d171a10e931c7030a20dd9bc71e1c97e611f8a3181027b6",
              "init": false,
              "ip_address": "172.17.0.2",
              "ip_prefix_length": 16,
              "ipc_mode": "private",
              "labels": [],
              "links": null,
              "log_driver": "json-file",
              "log_opts": null,
              "logs": false,
              "max_retry_count": 0,
              "memory": 0,
              "memory_swap": 0,
              "mounts": [],
              "must_run": true,
              "name": "jenkins_container",
              "network_alias": null,
              "network_data": [
                {
                  "gateway": "172.17.0.1",
                  "global_ipv6_address": "",
                  "global_ipv6_prefix_length": 0,
                  "ip_address": "172.17.0.2",
                  "ip_prefix_length": 16,
                  "ipv6_gateway": "",
                  "network_name": "bridge"
                }
              ],
              "network_mode": "default",
              "networks": null,
              "networks_advanced": [],
              "pid_mode": "",
              "ports": [
                {
                  "external": 8080,
                  "internal": 8080,
                  "ip": "0.0.0.0",
                  "protocol": "tcp"
                }
              ],
              "privileged": false,
              "publish_all_ports": false,
              "read_only": false,
              "remove_volumes": true,
              "restart": "no",
              "rm": false,
              "security_opts": [],
              "shm_size": 64,
              "start": true,
              "stdin_open": false,
              "storage_opts": null,
              "sysctls": null,
              "tmpfs": null,
              "tty": false,
              "ulimit": [],
              "upload": [],
              "user": "jenkins",
              "userns_mode": "",
              "volumes": [],
              "working_dir": ""
            },
            "sensitive_attributes": [],
            "private": "eyJzY2hlbWFfdmVyc2lvbiI6IjIifQ==",
            "dependencies": [
              "docker_image.jenkins"
            ]
          }
        ]
      },
      {
        "mode": "managed",
        "type": "docker_image",
        "name": "jenkins",
        "provider": "provider[\"registry.terraform.io/kreuzwerker/docker\"]",
        "instances": [
          {
            "schema_version": 0,
            "attributes": {
              "build": [],
              "force_remove": null,
              "id": "sha256:fd576e09d1557d660d171a10e931c7030a20dd9bc71e1c97e611f8a3181027b6jenkins/jenkins:lts-jdk11",
              "keep_locally": null,
              "latest": "sha256:fd576e09d1557d660d171a10e931c7030a20dd9bc71e1c97e611f8a3181027b6",
              "name": "jenkins/jenkins:lts-jdk11",
              "output": null,
              "pull_trigger": null,
              "pull_triggers": null,
              "repo_digest": "jenkins/jenkins@sha256:545a48328e879154de809212c2c86273142961ec0583c5bd4c731230e9228fa9"
            },
            "sensitive_attributes": [],
            "private": "bnVsbA=="
          }
        ]
      }
    ]
  }